
Microsoft Visual Studio Solution File, Format Version 12.00
# Visual Studio Version 16
VisualStudioVersion = 16.0.30717.126
MinimumVisualStudioVersion = 10.0.40219.1
Project("{FAE04EC0-301F-11D3-BF4B-00C04F79EFBC}") = "WageProblem", "WageProblem\WageProblem.csproj", "{688CF243-4B1B-445D-A0F3-A3404DA40EF2}"
EndProject
Global
	GlobalSection(SolutionConfigurationPlatforms) = preSolution
		Debug|Any CPU = Debug|Any CPU
		Release|Any CPU = Release|Any CPU
	EndGlobalSection
	GlobalSection(ProjectConfigurationPlatforms) = postSolution
		{688CF243-4B1B-445D-A0F3-A3404DA40EF2}.Debug|Any CPU.ActiveCfg = Debug|Any CPU
		{688CF243-4B1B-445D-A0F3-A3404DA40EF2}.Debug|Any CPU.Build.0 = Debug|Any CPU
		{688CF243-4B1B-445D-A0F3-A3404DA40EF2}.Release|Any CPU.ActiveCfg = Release|Any CPU
		{688CF243-4B1B-445D-A0F3-A3404DA40EF2}.Release|Any CPU.Build.0 = Release|Any CPU
	EndGlobalSection
	GlobalSection(SolutionProperties) = preSolution
		HideSolutionNode = FALSE
	EndGlobalSection
	GlobalSection(ExtensibilityGlobals) = postSolution
		SolutionGuid = {B978681C-9516-412A-A400-D91707386BF0}
	EndGlobalSection
EndGlobal
